
Microsoft Visual Studio Solution File, Format Version 12.00
# Visual Studio Version 17
VisualStudioVersion = 17.10.35013.160
MinimumVisualStudioVersion = 10.0.40219.1
Project("{FAE04EC0-301F-11D3-BF4B-00C04F79EFBC}") = "FinalTask", "FinalTask\FinalTask.csproj", "{8AA2EECC-0134-42E7-BE56-48F5D606F379}"
EndProject
Global
	GlobalSection(SolutionConfigurationPlatforms) = preSolution
		Debug|Any CPU = Debug|Any CPU
		Release|Any CPU = Release|Any CPU
	EndGlobalSection
	GlobalSection(ProjectConfigurationPlatforms) = postSolution
		{8AA2EECC-0134-42E7-BE56-48F5D606F379}.Debug|Any CPU.ActiveCfg = Debug|Any CPU
		{8AA2EECC-0134-42E7-BE56-48F5D606F379}.Debug|Any CPU.Build.0 = Debug|Any CPU
		{8AA2EECC-0134-42E7-BE56-48F5D606F379}.Release|Any CPU.ActiveCfg = Release|Any CPU
		{8AA2EECC-0134-42E7-BE56-48F5D606F379}.Release|Any CPU.Build.0 = Release|Any CPU
	EndGlobalSection
	GlobalSection(SolutionProperties) = preSolution
		HideSolutionNode = FALSE
	EndGlobalSection
	GlobalSection(ExtensibilityGlobals) = postSolution
		SolutionGuid = {77C6046E-C2ED-4E0C-8092-ACCAB0100352}
	EndGlobalSection
EndGlobal
